// !$*UTF8*$!
{
	archiveVersion = 1;
	classes = {
	};
	objectVersion = 46;
	objects = {

/* Begin PBXBuildFile section */
		CE0D3E1E19AC951F00D750E9 /* Foundation.framework in Frameworks */ = {isa = PBXBuildFile; fileRef = CE0D3E1D19AC951F00D750E9 /* Foundation.framework */; };
		CE0D3E2019AC951F00D750E9 /* CoreGraphics.framework in Frameworks */ = {isa = PBXBuildFile; fileRef = CE0D3E1F19AC951F00D750E9 /* CoreGraphics.framework */; };
		CE0D3E2219AC951F00D750E9 /* UIKit.framework in Frameworks */ = {isa = PBXBuildFile; fileRef = CE0D3E2119AC951F00D750E9 /* UIKit.framework */; };
		CE0D3E2819AC951F00D750E9 /* InfoPlist.strings in Resources */ = {isa = PBXBuildFile; fileRef = CE0D3E2619AC951F00D750E9 /* InfoPlist.strings */; };
		CE0D3E2A19AC951F00D750E9 /* main.m in Sources */ = {isa = PBXBuildFile; fileRef = CE0D3E2919AC951F00D750E9 /* main.m */; };
		CE0D3E2E19AC951F00D750E9 /* ZBAppDelegate.m in Sources */ = {isa = PBXBuildFile; fileRef = CE0D3E2D19AC951F00D750E9 /* ZBAppDelegate.m */; };
		CE0D3E3119AC951F00D750E9 /* Main.storyboard in Resources */ = {isa = PBXBuildFile; fileRef = CE0D3E2F19AC951F00D750E9 /* Main.storyboard */; };
		CE0D3E3419AC951F00D750E9 /* ZBViewController.m in Sources */ = {isa = PBXBuildFile; fileRef = CE0D3E3319AC951F00D750E9 /* ZBViewController.m */; };
		CE0D3E3619AC951F00D750E9 /* Images.xcassets in Resources */ = {isa = PBXBuildFile; fileRef = CE0D3E3519AC951F00D750E9 /* Images.xcassets */; };
		CE0D3E3D19AC951F00D750E9 /* XCTest.framework in Frameworks */ = {isa = PBXBuildFile; fileRef = CE0D3E3C19AC951F00D750E9 /* XCTest.framework */; };
		CE0D3E3E19AC951F00D750E9 /* Foundation.framework in Frameworks */ = {isa = PBXBuildFile; fileRef = CE0D3E1D19AC951F00D750E9 /* Foundation.framework */; };
		CE0D3E3F19AC951F00D750E9 /* UIKit.framework in Frameworks */ = {isa = PBXBuildFile; fileRef = CE0D3E2119AC951F00D750E9 /* UIKit.framework */; };
		CE0D3E4719AC951F00D750E9 /* InfoPlist.strings in Resources */ = {isa = PBXBuildFile; fileRef = CE0D3E4519AC951F00D750E9 /* InfoPlist.strings */; };
		CE0D3E4919AC951F00D750E9 /* HybridAppTemplateTests.m in Sources */ = {isa = PBXBuildFile; fileRef = CE0D3E4819AC951F00D750E9 /* HybridAppTemplateTests.m */; };
		CE0D3E5819AC981300D750E9 /* listview.css in Resources */ = {isa = PBXBuildFile; fileRef = CE0D3E5719AC981300D750E9 /* listview.css */; };
		CE0D3E5A19AC981D00D750E9 /* listview.html in Resources */ = {isa = PBXBuildFile; fileRef = CE0D3E5919AC981D00D750E9 /* listview.html */; };
		CE0D3EAE19ADC78200D750E9 /* jquery-1.11.1.min.js in Resources */ = {isa = PBXBuildFile; fileRef = CE0D3EAD19ADC78200D750E9 /* jquery-1.11.1.min.js */; };
		CE0D3EB019ADCA4800D750E9 /* listview.js in Resources */ = {isa = PBXBuildFile; fileRef = CE0D3EAF19ADCA4800D750E9 /* listview.js */; };
		CE0D3EB519ADCDFB00D750E9 /* ZBDetailViewController.m in Sources */ = {isa = PBXBuildFile; fileRef = CE0D3EB319ADCDFB00D750E9 /* ZBDetailViewController.m */; };
		CE0D3EB619ADCDFB00D750E9 /* ZBDetailViewController.xib in Resources */ = {isa = PBXBuildFile; fileRef = CE0D3EB419ADCDFB00D750E9 /* ZBDetailViewController.xib */; };
		CE0D3EBB19ADD05600D750E9 /* WebViewJavascriptBridge.js.txt in Resources */ = {isa = PBXBuildFile; fileRef = CE0D3EB919ADD05600D750E9 /* WebViewJavascriptBridge.js.txt */; };
		CE0D3EBC19ADD05600D750E9 /* WebViewJavascriptBridge.m in Sources */ = {isa = PBXBuildFile; fileRef = CE0D3EBA19ADD05600D750E9 /* WebViewJavascriptBridge.m */; };
/* End PBXBuildFile section */

/* Begin PBXContainerItemProxy section */
		CE0D3E4019AC951F00D750E9 /* PBXContainerItemProxy */ = {
			isa = PBXContainerItemProxy;
			containerPortal = CE0D3E1219AC951E00D750E9 /* Project object */;
			proxyType = 1;
			remoteGlobalIDString = CE0D3E1919AC951E00D750E9;
			remoteInfo = HybridAppTemplate;
		};
/* End PBXContainerItemProxy section */

/* Begin PBXFileReference section */
		CE0D3E1A19AC951F00D750E9 /* HybridAppTemplate.app */ = {isa = PBXFileReference; explicitFileType = wrapper.application; includeInIndex = 0; path = HybridAppTemplate.app; sourceTree = BUILT_PRODUCTS_DIR; };
		CE0D3E1D19AC951F00D750E9 /* Foundation.framework */ = {isa = PBXFileReference; lastKnownFileType = wrapper.framework; name = Foundation.framework; path = System/Library/Frameworks/Foundation.framework; sourceTree = SDKROOT; };
		CE0D3E1F19AC951F00D750E9 /* CoreGraphics.framework */ = {isa = PBXFileReference; lastKnownFileType = wrapper.framework; name = CoreGraphics.framework; path = System/Library/Frameworks/CoreGraphics.framework; sourceTree = SDKROOT; };
		CE0D3E2119AC951F00D750E9 /* UIKit.framework */ = {isa = PBXFileReference; lastKnownFileType = wrapper.framework; name = UIKit.framework; path = System/Library/Frameworks/UIKit.framework; sourceTree = SDKROOT; };
		CE0D3E2519AC951F00D750E9 /* HybridAppTemplate-Info.plist */ = {isa = PBXFileReference; lastKnownFileType = text.plist.xml; path = "HybridAppTemplate-Info.plist"; sourceTree = "<group>"; };
		CE0D3E2719AC951F00D750E9 /* en */ = {isa = PBXFileReference; lastKnownFileType = text.plist.strings; name = en; path = en.lproj/InfoPlist.strings; sourceTree = "<group>"; };
		CE0D3E2919AC951F00D750E9 /* main.m */ = {isa = PBXFileReference; lastKnownFileType = sourcecode.c.objc; path = main.m; sourceTree = "<group>"; };
		CE0D3E2B19AC951F00D750E9 /* HybridAppTemplate-Prefix.pch */ = {isa = PBXFileReference; lastKnownFileType = sourcecode.c.h; path = "HybridAppTemplate-Prefix.pch"; sourceTree = "<group>"; };
		CE0D3E2C19AC951F00D750E9 /* ZBAppDelegate.h */ = {isa = PBXFileReference; lastKnownFileType = sourcecode.c.h; path = ZBAppDelegate.h; sourceTree = "<group>"; };
		CE0D3E2D19AC951F00D750E9 /* ZBAppDelegate.m */ = {isa = PBXFileReference; lastKnownFileType = sourcecode.c.objc; path = ZBAppDelegate.m; sourceTree = "<group>"; };
		CE0D3E3019AC951F00D750E9 /* Base */ = {isa = PBXFileReference; lastKnownFileType = file.storyboard; name = Base; path = Base.lproj/Main.storyboard; sourceTree = "<group>"; };
		CE0D3E3219AC951F00D750E9 /* ZBViewController.h */ = {isa = PBXFileReference; lastKnownFileType = sourcecode.c.h; path = ZBViewController.h; sourceTree = "<group>"; };
		CE0D3E3319AC951F00D750E9 /* ZBViewController.m */ = {isa = PBXFileReference; lastKnownFileType = sourcecode.c.objc; path = ZBViewController.m; sourceTree = "<group>"; };
		CE0D3E3519AC951F00D750E9 /* Images.xcassets */ = {isa = PBXFileReference; lastKnownFileType = folder.assetcatalog; path = Images.xcassets; sourceTree = "<group>"; };
		CE0D3E3B19AC951F00D750E9 /* HybridAppTemplateTests.xctest */ = {isa = PBXFileReference; explicitFileType = wrapper.cfbundle; includeInIndex = 0; path = HybridAppTemplateTests.xctest; sourceTree = BUILT_PRODUCTS_DIR; };
		CE0D3E3C19AC951F00D750E9 /* XCTest.framework */ = {isa = PBXFileReference; lastKnownFileType = wrapper.framework; name = XCTest.framework; path = Library/Frameworks/XCTest.framework; sourceTree = DEVELOPER_DIR; };
		CE0D3E4419AC951F00D750E9 /* HybridAppTemplateTests-Info.plist */ = {isa = PBXFileReference; lastKnownFileType = text.plist.xml; path = "HybridAppTemplateTests-Info.plist"; sourceTree = "<group>"; };
		CE0D3E4619AC951F00D750E9 /* en */ = {isa = PBXFileReference; lastKnownFileType = text.plist.strings; name = en; path = en.lproj/InfoPlist.strings; sourceTree = "<group>"; };
		CE0D3E4819AC951F00D750E9 /* HybridAppTemplateTests.m */ = {isa = PBXFileReference; lastKnownFileType = sourcecode.c.objc; path = HybridAppTemplateTests.m; sourceTree = "<group>"; };
		CE0D3E5719AC981300D750E9 /* listview.css */ = {isa = PBXFileReference; fileEncoding = 4; lastKnownFileType = text.css; path = listview.css; sourceTree = "<group>"; };
		CE0D3E5919AC981D00D750E9 /* listview.html */ = {isa = PBXFileReference; fileEncoding = 4; lastKnownFileType = text.html; path = listview.html; sourceTree = "<group>"; };
		CE0D3EAD19ADC78200D750E9 /* jquery-1.11.1.min.js */ = {isa = PBXFileReference; fileEncoding = 4; lastKnownFileType = sourcecode.javascript; path = "jquery-1.11.1.min.js"; sourceTree = "<group>"; };
		CE0D3EAF19ADCA4800D750E9 /* listview.js */ = {isa = PBXFileReference; fileEncoding = 4; lastKnownFileType = sourcecode.javascript; path = listview.js; sourceTree = "<group>"; };
		CE0D3EB219ADCDFB00D750E9 /* ZBDetailViewController.h */ = {isa = PBXFileReference; fileEncoding = 4; lastKnownFileType = sourcecode.c.h; path = ZBDetailViewController.h; sourceTree = "<group>"; };
		CE0D3EB319ADCDFB00D750E9 /* ZBDetailViewController.m */ = {isa = PBXFileReference; fileEncoding = 4; lastKnownFileType = sourcecode.c.objc; path = ZBDetailViewController.m; sourceTree = "<group>"; };
		CE0D3EB419ADCDFB00D750E9 /* ZBDetailViewController.xib */ = {isa = PBXFileReference; fileEncoding = 4; lastKnownFileType = file.xib; path = ZBDetailViewController.xib; sourceTree = "<group>"; };
		CE0D3EB819ADD05600D750E9 /* WebViewJavascriptBridge.h */ = {isa = PBXFileReference; fileEncoding = 4; lastKnownFileType = sourcecode.c.h; path = WebViewJavascriptBridge.h; sourceTree = "<group>"; };
		CE0D3EB919ADD05600D750E9 /* WebViewJavascriptBridge.js.txt */ = {isa = PBXFileReference; fileEncoding = 4; lastKnownFileType = text; path = WebViewJavascriptBridge.js.txt; sourceTree = "<group>"; };
		CE0D3EBA19ADD05600D750E9 /* WebViewJavascriptBridge.m */ = {isa = PBXFileReference; fileEncoding = 4; lastKnownFileType = sourcecode.c.objc; path = WebViewJavascriptBridge.m; sourceTree = "<group>"; };
/* End PBXFileReference section */

/* Begin PBXFrameworksBuildPhase section */
		CE0D3E1719AC951E00D750E9 /* Frameworks */ = {
			isa = PBXFrameworksBuildPhase;
			buildActionMask = 2147483647;
			files = (
				CE0D3E2019AC951F00D750E9 /* CoreGraphics.framework in Frameworks */,
				CE0D3E2219AC951F00D750E9 /* UIKit.framework in Frameworks */,
				CE0D3E1E19AC951F00D750E9 /* Foundation.framework in Frameworks */,
			);
			runOnlyForDeploymentPostprocessing = 0;
		};
		CE0D3E3819AC951F00D750E9 /* Frameworks */ = {
			isa = PBXFrameworksBuildPhase;
			buildActionMask = 2147483647;
			files = (
				CE0D3E3D19AC951F00D750E9 /* XCTest.framework in Frameworks */,
				CE0D3E3F19AC951F00D750E9 /* UIKit.framework in Frameworks */,
				CE0D3E3E19AC951F00D750E9 /* Foundation.framework in Frameworks */,
			);
			runOnlyForDeploymentPostprocessing = 0;
		};
/* End PBXFrameworksBuildPhase section */

/* Begin PBXGroup section */
		CE0D3E1119AC951E00D750E9 = {
			isa = PBXGroup;
			children = (
				CE0D3EB719ADD05600D750E9 /* WebViewJavascriptBridge */,
				CE0D3E2319AC951F00D750E9 /* HybridAppTemplate */,
				CE0D3E4219AC951F00D750E9 /* HybridAppTemplateTests */,
				CE0D3E1C19AC951F00D750E9 /* Frameworks */,
				CE0D3E1B19AC951F00D750E9 /* Products */,
			);
			sourceTree = "<group>";
		};
		CE0D3E1B19AC951F00D750E9 /* Products */ = {
			isa = PBXGroup;
			children = (
				CE0D3E1A19AC951F00D750E9 /* HybridAppTemplate.app */,
				CE0D3E3B19AC951F00D750E9 /* HybridAppTemplateTests.xctest */,
			);
			name = Products;
			sourceTree = "<group>";
		};
		CE0D3E1C19AC951F00D750E9 /* Frameworks */ = {
			isa = PBXGroup;
			children = (
				CE0D3E1D19AC951F00D750E9 /* Foundation.framework */,
				CE0D3E1F19AC951F00D750E9 /* CoreGraphics.framework */,
				CE0D3E2119AC951F00D750E9 /* UIKit.framework */,
				CE0D3E3C19AC951F00D750E9 /* XCTest.framework */,
			);
			name = Frameworks;
			sourceTree = "<group>";
		};
		CE0D3E2319AC951F00D750E9 /* HybridAppTemplate */ = {
			isa = PBXGroup;
			children = (
				CE0D3EB119ADCDD200D750E9 /* ViewControllers */,
				CE0D3E5319AC97E500D750E9 /* www */,
				CE0D3E2C19AC951F00D750E9 /* ZBAppDelegate.h */,
				CE0D3E2D19AC951F00D750E9 /* ZBAppDelegate.m */,
				CE0D3E2F19AC951F00D750E9 /* Main.storyboard */,
				CE0D3E3219AC951F00D750E9 /* ZBViewController.h */,
				CE0D3E3319AC951F00D750E9 /* ZBViewController.m */,
				CE0D3E3519AC951F00D750E9 /* Images.xcassets */,
				CE0D3E2419AC951F00D750E9 /* Supporting Files */,
			);
			path = HybridAppTemplate;
			sourceTree = "<group>";
		};
		CE0D3E2419AC951F00D750E9 /* Supporting Files */ = {
			isa = PBXGroup;
			children = (
				CE0D3E2519AC951F00D750E9 /* HybridAppTemplate-Info.plist */,
				CE0D3E2619AC951F00D750E9 /* InfoPlist.strings */,
				CE0D3E2919AC951F00D750E9 /* main.m */,
				CE0D3E2B19AC951F00D750E9 /* HybridAppTemplate-Prefix.pch */,
			);
			name = "Supporting Files";
			sourceTree = "<group>";
		};
		CE0D3E4219AC951F00D750E9 /* HybridAppTemplateTests */ = {
			isa = PBXGroup;
			children = (
				CE0D3E4819AC951F00D750E9 /* HybridAppTemplateTests.m */,
				CE0D3E4319AC951F00D750E9 /* Supporting Files */,
			);
			path = HybridAppTemplateTests;
			sourceTree = "<group>";
		};
		CE0D3E4319AC951F00D750E9 /* Supporting Files */ = {
			isa = PBXGroup;
			children = (
				CE0D3E4419AC951F00D750E9 /* HybridAppTemplateTests-Info.plist */,
				CE0D3E4519AC951F00D750E9 /* InfoPlist.strings */,
			);
			name = "Supporting Files";
			sourceTree = "<group>";
		};
		CE0D3E5319AC97E500D750E9 /* www */ = {
			isa = PBXGroup;
			children = (
				CE0D3E5419AC97E500D750E9 /* css */,
				CE0D3E5519AC97E500D750E9 /* html */,
				CE0D3E5619AC97E500D750E9 /* js */,
			);
			path = www;
			sourceTree = "<group>";
		};
		CE0D3E5419AC97E500D750E9 /* css */ = {
			isa = PBXGroup;
			children = (
				CE0D3E5719AC981300D750E9 /* listview.css */,
			);
			path = css;
			sourceTree = "<group>";
		};
		CE0D3E5519AC97E500D750E9 /* html */ = {
			isa = PBXGroup;
			children = (
				CE0D3E5919AC981D00D750E9 /* listview.html */,
			);
			path = html;
			sourceTree = "<group>";
		};
		CE0D3E5619AC97E500D750E9 /* js */ = {
			isa = PBXGroup;
			children = (
				CE0D3EAF19ADCA4800D750E9 /* listview.js */,
				CE0D3EAD19ADC78200D750E9 /* jquery-1.11.1.min.js */,
			);
			path = js;
			sourceTree = "<group>";
		};
		CE0D3EB119ADCDD200D750E9 /* ViewControllers */ = {
			isa = PBXGroup;
			children = (
				CE0D3EB219ADCDFB00D750E9 /* ZBDetailViewController.h */,
				CE0D3EB319ADCDFB00D750E9 /* ZBDetailViewController.m */,
				CE0D3EB419ADCDFB00D750E9 /* ZBDetailViewController.xib */,
			);
			path = ViewControllers;
			sourceTree = "<group>";
		};
		CE0D3EB719ADD05600D750E9 /* WebViewJavascriptBridge */ = {
			isa = PBXGroup;
			children = (
				CE0D3EB819ADD05600D750E9 /* WebViewJavascriptBridge.h */,
				CE0D3EB919ADD05600D750E9 /* WebViewJavascriptBridge.js.txt */,
				CE0D3EBA19ADD05600D750E9 /* WebViewJavascriptBridge.m */,
			);
			path = WebViewJavascriptBridge;
			sourceTree = "<group>";
		};
/* End PBXGroup section */

/* Begin PBXNativeTarget section */
		CE0D3E1919AC951E00D750E9 /* HybridAppTemplate */ = {
			isa = PBXNativeTarget;
			buildConfigurationList = CE0D3E4C19AC951F00D750E9 /* Build configuration list for PBXNativeTarget "HybridAppTemplate" */;
			buildPhases = (
				CE0D3E1619AC951E00D750E9 /* Sources */,
				CE0D3E1719AC951E00D750E9 /* Frameworks */,
				CE0D3E1819AC951E00D750E9 /* Resources */,
			);
			buildRules = (
			);
			dependencies = (
			);
			name = HybridAppTemplate;
			productName = HybridAppTemplate;
			productReference = CE0D3E1A19AC951F00D750E9 /* HybridAppTemplate.app */;
			productType = "com.apple.product-type.application";
		};
		CE0D3E3A19AC951F00D750E9 /* HybridAppTemplateTests */ = {
			isa = PBXNativeTarget;
			buildConfigurationList = CE0D3E4F19AC951F00D750E9 /* Build configuration list for PBXNativeTarget "HybridAppTemplateTests" */;
			buildPhases = (
				CE0D3E3719AC951F00D750E9 /* Sources */,
				CE0D3E3819AC951F00D750E9 /* Frameworks */,
				CE0D3E3919AC951F00D750E9 /* Resources */,
			);
			buildRules = (
			);
			dependencies = (
				CE0D3E4119AC951F00D750E9 /* PBXTargetDependency */,
			);
			name = HybridAppTemplateTests;
			productName = HybridAppTemplateTests;
			productReference = CE0D3E3B19AC951F00D750E9 /* HybridAppTemplateTests.xctest */;
			productType = "com.apple.product-type.bundle.unit-test";
		};
/* End PBXNativeTarget section */

/* Begin PBXProject section */
		CE0D3E1219AC951E00D750E9 /* Project object */ = {
			isa = PBXProject;
			attributes = {
				CLASSPREFIX = ZB;
				LastUpgradeCheck = 0510;
				ORGANIZATIONNAME = zabingo;
				TargetAttributes = {
					CE0D3E3A19AC951F00D750E9 = {
						TestTargetID = CE0D3E1919AC951E00D750E9;
					};
				};
			};
			buildConfigurationList = CE0D3E1519AC951E00D750E9 /* Build configuration list for PBXProject "HybridAppTemplate" */;
			compatibilityVersion = "Xcode 3.2";
			developmentRegion = English;
			hasScannedForEncodings = 0;
			knownRegions = (
				en,
				Base,
			);
			mainGroup = CE0D3E1119AC951E00D750E9;
			productRefGroup = CE0D3E1B19AC951F00D750E9 /* Products */;
			projectDirPath = "";
			projectRoot = "";
			targets = (
				CE0D3E1919AC951E00D750E9 /* HybridAppTemplate */,
				CE0D3E3A19AC951F00D750E9 /* HybridAppTemplateTests */,
			);
		};
/* End PBXProject section */

/* Begin PBXResourcesBuildPhase section */
		CE0D3E1819AC951E00D750E9 /* Resources */ = {
			isa = PBXResourcesBuildPhase;
			buildActionMask = 2147483647;
			files = (
				CE0D3E3619AC951F00D750E9 /* Images.xcassets in Resources */,
				CE0D3EB619ADCDFB00D750E9 /* ZBDetailViewController.xib in Resources */,
				CE0D3E2819AC951F00D750E9 /* InfoPlist.strings in Resources */,
				CE0D3E5819AC981300D750E9 /* listview.css in Resources */,
				CE0D3EAE19ADC78200D750E9 /* jquery-1.11.1.min.js in Resources */,
				CE0D3EBB19ADD05600D750E9 /* WebViewJavascriptBridge.js.txt in Resources */,
				CE0D3EB019ADCA4800D750E9 /* listview.js in Resources */,
				CE0D3E5A19AC981D00D750E9 /* listview.html in Resources */,
				CE0D3E3119AC951F00D750E9 /* Main.storyboard in Resources */,
			);
			runOnlyForDeploymentPostprocessing = 0;
		};
		CE0D3E3919AC951F00D750E9 /* Resources */ = {
			isa = PBXResourcesBuildPhase;
			buildActionMask = 2147483647;
			files = (
				CE0D3E4719AC951F00D750E9 /* InfoPlist.strings in Resources */,
			);
			runOnlyForDeploymentPostprocessing = 0;
		};
/* End PBXResourcesBuildPhase section */

/* Begin PBXSourcesBuildPhase section */
		CE0D3E1619AC951E00D750E9 /* Sources */ = {
			isa = PBXSourcesBuildPhase;
			buildActionMask = 2147483647;
			files = (
				CE0D3E3419AC951F00D750E9 /* ZBViewController.m in Sources */,
				CE0D3EB519ADCDFB00D750E9 /* ZBDetailViewController.m in Sources */,
				CE0D3E2E19AC951F00D750E9 /* ZBAppDelegate.m in Sources */,
				CE0D3E2A19AC951F00D750E9 /* main.m in Sources */,
				CE0D3EBC19ADD05600D750E9 /* WebViewJavascriptBridge.m in Sources */,
			);
			runOnlyForDeploymentPostprocessing = 0;
		};
		CE0D3E3719AC951F00D750E9 /* Sources */ = {
			isa = PBXSourcesBuildPhase;
			buildActionMask = 2147483647;
			files = (
				CE0D3E4919AC951F00D750E9 /* HybridAppTemplateTests.m in Sources */,
			);
			runOnlyForDeploymentPostprocessing = 0;
		};
/* End PBXSourcesBuildPhase section */

/* Begin PBXTargetDependency section */
		CE0D3E4119AC951F00D750E9 /* PBXTargetDependency */ = {
			isa = PBXTargetDependency;
			target = CE0D3E1919AC951E00D750E9 /* HybridAppTemplate */;
			targetProxy = CE0D3E4019AC951F00D750E9 /* PBXContainerItemProxy */;
		};
/* End PBXTargetDependency section */

/* Begin PBXVariantGroup section */
		CE0D3E2619AC951F00D750E9 /* InfoPlist.strings */ = {
			isa = PBXVariantGroup;
			children = (
				CE0D3E2719AC951F00D750E9 /* en */,
			);
			name = InfoPlist.strings;
			sourceTree = "<group>";
		};
		CE0D3E2F19AC951F00D750E9 /* Main.storyboard */ = {
			isa = PBXVariantGroup;
			children = (
				CE0D3E3019AC951F00D750E9 /* Base */,
			);
			name = Main.storyboard;
			sourceTree = "<group>";
		};
		CE0D3E4519AC951F00D750E9 /* InfoPlist.strings */ = {
			isa = PBXVariantGroup;
			children = (
				CE0D3E4619AC951F00D750E9 /* en */,
			);
			name = InfoPlist.strings;
			sourceTree = "<group>";
		};
/* End PBXVariantGroup section */

/* Begin XCBuildConfiguration section */
		CE0D3E4A19AC951F00D750E9 /* Debug */ = {
			isa = XCBuildConfiguration;
			buildSettings = {
				ALWAYS_SEARCH_USER_PATHS = NO;
				CLANG_CXX_LANGUAGE_STANDARD = "gnu++0x";
				CLANG_CXX_LIBRARY = "libc++";
				CLANG_ENABLE_MODULES = YES;
				CLANG_ENABLE_OBJC_ARC = YES;
				CLANG_WARN_BOOL_CONVERSION = YES;
				CLANG_WARN_CONSTANT_CONVERSION = YES;
				CLANG_WARN_DIRECT_OBJC_ISA_USAGE = YES_ERROR;
				CLANG_WARN_EMPTY_BODY = YES;
				CLANG_WARN_ENUM_CONVERSION = YES;
				CLANG_WARN_INT_CONVERSION = YES;
				CLANG_WARN_OBJC_ROOT_CLASS = YES_ERROR;
				CLANG_WARN__DUPLICATE_METHOD_MATCH = YES;
				"CODE_SIGN_IDENTITY[sdk=iphoneos*]" = "iPhone Developer";
				COPY_PHASE_STRIP = NO;
				GCC_C_LANGUAGE_STANDARD = gnu99;
				GCC_DYNAMIC_NO_PIC = NO;
				GCC_OPTIMIZATION_LEVEL = 0;
				GCC_PREPROCESSOR_DEFINITIONS = (
					"DEBUG=1",
					"$(inherited)",
				);
				GCC_SYMBOLS_PRIVATE_EXTERN = NO;
				GCC_WARN_64_TO_32_BIT_CONVERSION = YES;
				GCC_WARN_ABOUT_RETURN_TYPE = YES_ERROR;
				GCC_WARN_UNDECLARED_SELECTOR = YES;
				GCC_WARN_UNINITIALIZED_AUTOS = YES_AGGRESSIVE;
				GCC_WARN_UNUSED_FUNCTION = YES;
				GCC_WARN_UNUSED_VARIABLE = YES;
				IPHONEOS_DEPLOYMENT_TARGET = 7.1;
				ONLY_ACTIVE_ARCH = YES;
				SDKROOT = iphoneos;
			};
			name = Debug;
		};
		CE0D3E4B19AC951F00D750E9 /* Release */ = {
			isa = XCBuildConfiguration;
			buildSettings = {
				ALWAYS_SEARCH_USER_PATHS = NO;
				CLANG_CXX_LANGUAGE_STANDARD = "gnu++0x";
				CLANG_CXX_LIBRARY = "libc++";
				CLANG_ENABLE_MODULES = YES;
				CLANG_ENABLE_OBJC_ARC = YES;
				CLANG_WARN_BOOL_CONVERSION = YES;
				CLANG_WARN_CONSTANT_CONVERSION = YES;
				CLANG_WARN_DIRECT_OBJC_ISA_USAGE = YES_ERROR;
				CLANG_WARN_EMPTY_BODY = YES;
				CLANG_WARN_ENUM_CONVERSION = YES;
				CLANG_WARN_INT_CONVERSION = YES;
				CLANG_WARN_OBJC_ROOT_CLASS = YES_ERROR;
				CLANG_WARN__DUPLICATE_METHOD_MATCH = YES;
				"CODE_SIGN_IDENTITY[sdk=iphoneos*]" = "iPhone Developer";
				COPY_PHASE_STRIP = YES;
				ENABLE_NS_ASSERTIONS = NO;
				GCC_C_LANGUAGE_STANDARD = gnu99;
				GCC_WARN_64_TO_32_BIT_CONVERSION = YES;
				GCC_WARN_ABOUT_RETURN_TYPE = YES_ERROR;
				GCC_WARN_UNDECLARED_SELECTOR = YES;
				GCC_WARN_UNINITIALIZED_AUTOS = YES_AGGRESSIVE;
				GCC_WARN_UNUSED_FUNCTION = YES;
				GCC_WARN_UNUSED_VARIABLE = YES;
				IPHONEOS_DEPLOYMENT_TARGET = 7.1;
				SDKROOT = iphoneos;
				VALIDATE_PRODUCT = YES;
			};
			name = Release;
		};
		CE0D3E4D19AC951F00D750E9 /* Debug */ = {
			isa = XCBuildConfiguration;
			buildSettings = {
				ASSETCATALOG_COMPILER_APPICON_NAME = AppIcon;
				ASSETCATALOG_COMPILER_LAUNCHIMAGE_NAME = LaunchImage;
				GCC_PRECOMPILE_PREFIX_HEADER = YES;
				GCC_PREFIX_HEADER = "HybridAppTemplate/HybridAppTemplate-Prefix.pch";
				INFOPLIST_FILE = "HybridAppTemplate/HybridAppTemplate-Info.plist";
				PRODUCT_NAME = "$(TARGET_NAME)";
				WRAPPER_EXTENSION = app;
			};
			name = Debug;
		};
		CE0D3E4E19AC951F00D750E9 /* Release */ = {
			isa = XCBuildConfiguration;
			buildSettings = {
				ASSETCATALOG_COMPILER_APPICON_NAME = AppIcon;
				ASSETCATALOG_COMPILER_LAUNCHIMAGE_NAME = LaunchImage;
				GCC_PRECOMPILE_PREFIX_HEADER = YES;
				GCC_PREFIX_HEADER = "HybridAppTemplate/HybridAppTemplate-Prefix.pch";
				INFOPLIST_FILE = "HybridAppTemplate/HybridAppTemplate-Info.plist";
				PRODUCT_NAME = "$(TARGET_NAME)";
				WRAPPER_EXTENSION = app;
			};
			name = Release;
		};
		CE0D3E5019AC951F00D750E9 /* Debug */ = {
			isa = XCBuildConfiguration;
			buildSettings = {
				BUNDLE_LOADER = "$(BUILT_PRODUCTS_DIR)/HybridAppTemplate.app/HybridAppTemplate";
				FRAMEWORK_SEARCH_PATHS = (
					"$(SDKROOT)/Developer/Library/Frameworks",
					"$(inherited)",
					"$(DEVELOPER_FRAMEWORKS_DIR)",
				);
				GCC_PRECOMPILE_PREFIX_HEADER = YES;
				GCC_PREFIX_HEADER = "HybridAppTemplate/HybridAppTemplate-Prefix.pch";
				GCC_PREPROCESSOR_DEFINITIONS = (
					"DEBUG=1",
					"$(inherited)",
				);
				INFOPLIST_FILE = "HybridAppTemplateTests/HybridAppTemplateTests-Info.plist";
				PRODUCT_NAME = "$(TARGET_NAME)";
				TEST_HOST = "$(BUNDLE_LOADER)";
				WRAPPER_EXTENSION = xctest;
			};
			name = Debug;
		};
		CE0D3E5119AC951F00D750E9 /* Release */ = {
			isa = XCBuildConfiguration;
			buildSettings = {
				BUNDLE_LOADER = "$(BUILT_PRODUCTS_DIR)/HybridAppTemplate.app/HybridAppTemplate";
				FRAMEWORK_SEARCH_PATHS = (
					"$(SDKROOT)/Developer/Library/Frameworks",
					"$(inherited)",
					"$(DEVELOPER_FRAMEWORKS_DIR)",
				);
				GCC_PRECOMPILE_PREFIX_HEADER = YES;
				GCC_PREFIX_HEADER = "HybridAppTemplate/HybridAppTemplate-Prefix.pch";
				INFOPLIST_FILE = "HybridAppTemplateTests/HybridAppTemplateTests-Info.plist";
				PRODUCT_NAME = "$(TARGET_NAME)";
				TEST_HOST = "$(BUNDLE_LOADER)";
				WRAPPER_EXTENSION = xctest;
			};
			name = Release;
		};
/* End XCBuildConfiguration section */

/* Begin XCConfigurationList section */
		CE0D3E1519AC951E00D750E9 /* Build configuration list for PBXProject "HybridAppTemplate" */ = {
			isa = XCConfigurationList;
			buildConfigurations = (
				CE0D3E4A19AC951F00D750E9 /* Debug */,
				CE0D3E4B19AC951F00D750E9 /* Release */,
			);
			defaultConfigurationIsVisible = 0;
			defaultConfigurationName = Release;
		};
		CE0D3E4C19AC951F00D750E9 /* Build configuration list for PBXNativeTarget "HybridAppTemplate" */ = {
			isa = XCConfigurationList;
			buildConfigurations = (
				CE0D3E4D19AC951F00D750E9 /* Debug */,
				CE0D3E4E19AC951F00D750E9 /* Release */,
			);
			defaultConfigurationIsVisible = 0;
			defaultConfigurationName = Release;
		};
		CE0D3E4F19AC951F00D750E9 /* Build configuration list for PBXNativeTarget "HybridAppTemplateTests" */ = {
			isa = XCConfigurationList;
			buildConfigurations = (
				CE0D3E5019AC951F00D750E9 /* Debug */,
				CE0D3E5119AC951F00D750E9 /* Release */,
			);
			defaultConfigurationIsVisible = 0;
			defaultConfigurationName = Release;
		};
/* End XCConfigurationList section */
	};
	rootObject = CE0D3E1219AC951E00D750E9 /* Project object */;
}
